<?xml version="1.0" encoding="utf-8"?>
<Project ToolsVersion="4.0" xmlns="http://schemas.microsoft.com/developer/msbuild/2003">
  <ItemGroup>
    <Filter Include="소스 파일">
      <UniqueIdentifier>{4FC737F1-C7A5-4376-A066-2A32D752A2FF}</UniqueIdentifier>
      <Extensions>cpp;c;cc;cxx;def;odl;idl;hpj;bat;asm;asmx</Extensions>
    </Filter>
    <Filter Include="헤더 파일">
      <UniqueIdentifier>{93995380-89BD-4b04-88EB-625FBE52EBFB}</UniqueIdentifier>
      <Extensions>h;hh;hpp;hxx;hm;inl;inc;ipp;xsd</Extensions>
    </Filter>
    <Filter Include="리소스 파일">
      <UniqueIdentifier>{67DA6AB6-F800-4c08-8B7A-83BB121AAD01}</UniqueIdentifier>
      <Extensions>rc;ico;cur;bmp;dlg;rc2;rct;bin;rgs;gif;jpg;jpeg;jpe;resx;tiff;tif;png;wav;mfcribbon-ms</Extensions>
    </Filter>
    <Filter Include="hero">
      <UniqueIdentifier>{8a8eb5bb-388b-4042-a700-0ebdda0d5462}</UniqueIdentifier>
    </Filter>
    <Filter Include="headers">
      <UniqueIdentifier>{b9905932-087e-47f5-842f-758bccc9694e}</UniqueIdentifier>
    </Filter>
    <Filter Include="framework">
      <UniqueIdentifier>{4f5701e5-403a-44cb-ae81-32fd02968561}</UniqueIdentifier>
    </Filter>
    <Filter Include="map">
      <UniqueIdentifier>{a4b7bc1c-bd37-415b-8b66-8b36a7fafc6c}</UniqueIdentifier>
    </Filter>
    <Filter Include="shaders">
      <UniqueIdentifier>{ea5c9988-ce5f-46f6-83d7-4944bcbfd126}</UniqueIdentifier>
    </Filter>
  </ItemGroup>
  <ItemGroup>
    <ClCompile Include="MyHero.cpp">
      <Filter>hero</Filter>
    </ClCompile>
    <ClCompile Include="MyLog.cpp">
      <Filter>map</Filter>
    </ClCompile>
    <ClCompile Include="MyRiver.cpp">
      <Filter>map</Filter>
    </ClCompile>
    <ClCompile Include="MyRoad.cpp">
      <Filter>map</Filter>
    </ClCompile>
    <ClCompile Include="MyState.cpp">
      <Filter>map</Filter>
    </ClCompile>
    <ClCompile Include="MyTrail.cpp">
      <Filter>map</Filter>
    </ClCompile>
    <ClCompile Include="MyTrain.cpp">
      <Filter>map</Filter>
    </ClCompile>
    <ClCompile Include="MyTree.cpp">
      <Filter>map</Filter>
    </ClCompile>
    <ClCompile Include="MyTruck.cpp">
      <Filter>map</Filter>
    </ClCompile>
    <ClCompile Include="cross_rabit.cpp">
      <Filter>framework</Filter>
    </ClCompile>
    <ClCompile Include="MainGameState.cpp">
      <Filter>framework</Filter>
    </ClCompile>
    <ClCompile Include="Mycommon.cpp">
      <Filter>map</Filter>
    </ClCompile>
    <ClCompile Include="MyObstacles.cpp">
      <Filter>소스 파일</Filter>
    </ClCompile>
    <ClCompile Include="loadOBJ.cpp">
      <Filter>headers</Filter>
    </ClCompile>
  </ItemGroup>
  <ItemGroup>
    <ClInclude Include="MyHero.h">
      <Filter>hero</Filter>
    </ClInclude>
    <ClInclude Include="MyLog.h">
      <Filter>map</Filter>
    </ClInclude>
    <ClInclude Include="MyRiver.h">
      <Filter>map</Filter>
    </ClInclude>
    <ClInclude Include="MyRoad.h">
      <Filter>map</Filter>
    </ClInclude>
    <ClInclude Include="MyState.h">
      <Filter>map</Filter>
    </ClInclude>
    <ClInclude Include="MyTrail.h">
      <Filter>map</Filter>
    </ClInclude>
    <ClInclude Include="MyTrain.h">
      <Filter>map</Filter>
    </ClInclude>
    <ClInclude Include="MyTree.h">
      <Filter>map</Filter>
    </ClInclude>
    <ClInclude Include="MyTruck.h">
      <Filter>map</Filter>
    </ClInclude>
    <ClInclude Include="MyHeader.h">
      <Filter>headers</Filter>
    </ClInclude>
    <ClInclude Include="shader.h">
      <Filter>headers</Filter>
    </ClInclude>
    <ClInclude Include="MainGameState.h">
      <Filter>framework</Filter>
    </ClInclude>
    <ClInclude Include="MyCommon.h">
      <Filter>map</Filter>
    </ClInclude>
    <ClInclude Include="MyObstacles.h">
      <Filter>헤더 파일</Filter>
    </ClInclude>
    <ClInclude Include="loadObj.h">
      <Filter>headers</Filter>
    </ClInclude>
  </ItemGroup>
  <ItemGroup>
    <None Include="fragmentshader.glfs">
      <Filter>shaders</Filter>
    </None>
    <None Include="fragmentshader2.glfs">
      <Filter>shaders</Filter>
    </None>
    <None Include="fragmentshader3.glfs">
      <Filter>shaders</Filter>
    </None>
    <None Include="fragmentshader4.glfs">
      <Filter>shaders</Filter>
    </None>
    <None Include="hero_fragmentshader.glfs">
      <Filter>shaders</Filter>
    </None>
    <None Include="hero_vertexshader.glvs">
      <Filter>shaders</Filter>
    </None>
    <None Include="vertexshader.glvs">
      <Filter>shaders</Filter>
    </None>
    <None Include="vertexshader2.glvs">
      <Filter>shaders</Filter>
    </None>
    <None Include="vertexshader3.glvs">
      <Filter>shaders</Filter>
    </None>
    <None Include="vertexshader4.glvs">
      <Filter>shaders</Filter>
    </None>
  </ItemGroup>
</Project>