<?xml version="1.0" encoding="utf-8"?>
<Project ToolsVersion="4.0" xmlns="http://schemas.microsoft.com/developer/msbuild/2003">
  <ItemGroup>
    <Filter Include="소스 파일">
      <UniqueIdentifier>{4FC737F1-C7A5-4376-A066-2A32D752A2FF}</UniqueIdentifier>
      <Extensions>cpp;c;cc;cxx;c++;cppm;ixx;def;odl;idl;hpj;bat;asm;asmx</Extensions>
    </Filter>
    <Filter Include="헤더 파일">
      <UniqueIdentifier>{93995380-89BD-4b04-88EB-625FBE52EBFB}</UniqueIdentifier>
      <Extensions>h;hh;hpp;hxx;h++;hm;inl;inc;ipp;xsd</Extensions>
    </Filter>
    <Filter Include="리소스 파일">
      <UniqueIdentifier>{67DA6AB6-F800-4c08-8B7A-83BB121AAD01}</UniqueIdentifier>
      <Extensions>rc;ico;cur;bmp;dlg;rc2;rct;bin;rgs;gif;jpg;jpeg;jpe;resx;tiff;tif;png;wav;mfcribbon-ms</Extensions>
    </Filter>
    <Filter Include="소스 파일\map">
      <UniqueIdentifier>{7bee31ef-c043-478e-a231-bc5c5e90916c}</UniqueIdentifier>
    </Filter>
    <Filter Include="소스 파일\library">
      <UniqueIdentifier>{0cf3ba28-a30e-45a8-9ced-6efb52d93dbb}</UniqueIdentifier>
    </Filter>
    <Filter Include="소스 파일\player">
      <UniqueIdentifier>{e849ae7b-2a94-47c4-b454-a384f2471497}</UniqueIdentifier>
    </Filter>
    <Filter Include="헤더 파일\map">
      <UniqueIdentifier>{2b26aa6b-98a1-4f3f-b3ba-86834a366fa8}</UniqueIdentifier>
    </Filter>
    <Filter Include="헤더 파일\library">
      <UniqueIdentifier>{de0e1755-a0ba-4e4d-b358-e231dcd9ae97}</UniqueIdentifier>
    </Filter>
    <Filter Include="헤더 파일\player">
      <UniqueIdentifier>{cbbaf751-b66d-49e2-bb70-657fd6a530c5}</UniqueIdentifier>
    </Filter>
    <Filter Include="소스 파일\scenes">
      <UniqueIdentifier>{fa014018-ed19-43a3-974b-409733a91e60}</UniqueIdentifier>
    </Filter>
    <Filter Include="헤더 파일\scenes">
      <UniqueIdentifier>{7b03d5b5-1c7a-415e-a202-432cea889b9e}</UniqueIdentifier>
    </Filter>
  </ItemGroup>
  <ItemGroup>
    <ClCompile Include="sources\scenes\End_State.cpp">
      <Filter>소스 파일\scenes</Filter>
    </ClCompile>
    <ClCompile Include="sources\scenes\MainGame_State.cpp">
      <Filter>소스 파일\scenes</Filter>
    </ClCompile>
    <ClCompile Include="sources\scenes\Title_State.cpp">
      <Filter>소스 파일\scenes</Filter>
    </ClCompile>
    <ClCompile Include="sources\library\firework.cpp">
      <Filter>소스 파일\library</Filter>
    </ClCompile>
    <ClCompile Include="sources\library\loadOBJ.cpp">
      <Filter>소스 파일\library</Filter>
    </ClCompile>
    <ClCompile Include="sources\map\Mycommon.cpp">
      <Filter>소스 파일\map</Filter>
    </ClCompile>
    <ClCompile Include="sources\map\MyLog.cpp">
      <Filter>소스 파일\map</Filter>
    </ClCompile>
    <ClCompile Include="sources\map\MyObstacles.cpp">
      <Filter>소스 파일\map</Filter>
    </ClCompile>
    <ClCompile Include="sources\map\MyRiver.cpp">
      <Filter>소스 파일\map</Filter>
    </ClCompile>
    <ClCompile Include="sources\map\MyRoad.cpp">
      <Filter>소스 파일\map</Filter>
    </ClCompile>
    <ClCompile Include="sources\map\MyState.cpp">
      <Filter>소스 파일\map</Filter>
    </ClCompile>
    <ClCompile Include="sources\map\MyTrail.cpp">
      <Filter>소스 파일\map</Filter>
    </ClCompile>
    <ClCompile Include="sources\map\MyTrain.cpp">
      <Filter>소스 파일\map</Filter>
    </ClCompile>
    <ClCompile Include="sources\map\MyTree.cpp">
      <Filter>소스 파일\map</Filter>
    </ClCompile>
    <ClCompile Include="sources\map\MyTruck.cpp">
      <Filter>소스 파일\map</Filter>
    </ClCompile>
    <ClCompile Include="sources\player\MyHero.cpp">
      <Filter>소스 파일\player</Filter>
    </ClCompile>
    <ClCompile Include="sources\cross_rabits.cpp">
      <Filter>소스 파일</Filter>
    </ClCompile>
  </ItemGroup>
  <ItemGroup>
    <ClInclude Include="sources\scenes\End_State.h">
      <Filter>헤더 파일\scenes</Filter>
    </ClInclude>
    <ClInclude Include="sources\scenes\MainGame_State.h">
      <Filter>헤더 파일\scenes</Filter>
    </ClInclude>
    <ClInclude Include="sources\scenes\Title_State.h">
      <Filter>헤더 파일\scenes</Filter>
    </ClInclude>
    <ClInclude Include="sources\library\firework_particle.h">
      <Filter>헤더 파일\library</Filter>
    </ClInclude>
    <ClInclude Include="sources\library\loadObj.h">
      <Filter>헤더 파일\library</Filter>
    </ClInclude>
    <ClInclude Include="sources\library\MyHeader.h">
      <Filter>헤더 파일\library</Filter>
    </ClInclude>
    <ClInclude Include="sources\library\shader.h">
      <Filter>헤더 파일\library</Filter>
    </ClInclude>
    <ClInclude Include="sources\map\MyCommon.h">
      <Filter>헤더 파일\map</Filter>
    </ClInclude>
    <ClInclude Include="sources\map\MyLog.h">
      <Filter>헤더 파일\map</Filter>
    </ClInclude>
    <ClInclude Include="sources\map\MyObstacles.h">
      <Filter>헤더 파일\map</Filter>
    </ClInclude>
    <ClInclude Include="sources\map\MyRiver.h">
      <Filter>헤더 파일\map</Filter>
    </ClInclude>
    <ClInclude Include="sources\map\MyRoad.h">
      <Filter>헤더 파일\map</Filter>
    </ClInclude>
    <ClInclude Include="sources\map\MyState.h">
      <Filter>헤더 파일\map</Filter>
    </ClInclude>
    <ClInclude Include="sources\map\MyTrail.h">
      <Filter>헤더 파일\map</Filter>
    </ClInclude>
    <ClInclude Include="sources\map\MyTrain.h">
      <Filter>헤더 파일\map</Filter>
    </ClInclude>
    <ClInclude Include="sources\map\MyTree.h">
      <Filter>헤더 파일\map</Filter>
    </ClInclude>
    <ClInclude Include="sources\map\MyTruck.h">
      <Filter>헤더 파일\map</Filter>
    </ClInclude>
    <ClInclude Include="sources\player\MyHero.h">
      <Filter>헤더 파일\player</Filter>
    </ClInclude>
  </ItemGroup>
</Project>